
Microsoft Visual Studio Solution File, Format Version 12.00
# Visual Studio Version 16
VisualStudioVersion = 16.0.30330.147
MinimumVisualStudioVersion = 10.0.40219.1
Project("{9A19103F-16F7-4668-BE54-9A1E7A4F7556}") = "NewAgePOS", "NewAgePOS\NewAgePOS.csproj", "{9C1B2D9F-BCBB-43FA-B08E-565B3E0935EE}"
EndProject
Project("{9A19103F-16F7-4668-BE54-9A1E7A4F7556}") = "EmailSenderLibrary", "EmailSenderLibrary\EmailSenderLibrary.csproj", "{E8E141DB-E4C2-4F21-89EB-AA83FBD37D0E}"
EndProject
Project("{9A19103F-16F7-4668-BE54-9A1E7A4F7556}") = "NewAgePOSLibrary", "NewAgePOSLibrary\NewAgePOSLibrary.csproj", "{DC7FD4D8-54C7-479F-9706-02F7AD961031}"
EndProject
Project("{00D1A9C2-B5F0-4AF3-8072-F6C62B433612}") = "NewAgePOSDB", "NewAgePOSDB\NewAgePOSDB.sqlproj", "{399D9E2C-87D2-4792-AF33-3D794B1CC12E}"
EndProject
Project("{9A19103F-16F7-4668-BE54-9A1E7A4F7556}") = "ChannelAdvisorLibrary", "ChannelAdvisorLibrary\ChannelAdvisorLibrary.csproj", "{B47E78B8-AFA4-4036-9863-29AA8388B83F}"
EndProject
Global
	GlobalSection(SolutionConfigurationPlatforms) = preSolution
		Debug|Any CPU = Debug|Any CPU
		Release|Any CPU = Release|Any CPU
	EndGlobalSection
	GlobalSection(ProjectConfigurationPlatforms) = postSolution
		{9C1B2D9F-BCBB-43FA-B08E-565B3E0935EE}.Debug|Any CPU.ActiveCfg = Debug|Any CPU
		{9C1B2D9F-BCBB-43FA-B08E-565B3E0935EE}.Debug|Any CPU.Build.0 = Debug|Any CPU
		{9C1B2D9F-BCBB-43FA-B08E-565B3E0935EE}.Release|Any CPU.ActiveCfg = Release|Any CPU
		{9C1B2D9F-BCBB-43FA-B08E-565B3E0935EE}.Release|Any CPU.Build.0 = Release|Any CPU
		{E8E141DB-E4C2-4F21-89EB-AA83FBD37D0E}.Debug|Any CPU.ActiveCfg = Debug|Any CPU
		{E8E141DB-E4C2-4F21-89EB-AA83FBD37D0E}.Debug|Any CPU.Build.0 = Debug|Any CPU
		{E8E141DB-E4C2-4F21-89EB-AA83FBD37D0E}.Release|Any CPU.ActiveCfg = Release|Any CPU
		{E8E141DB-E4C2-4F21-89EB-AA83FBD37D0E}.Release|Any CPU.Build.0 = Release|Any CPU
		{DC7FD4D8-54C7-479F-9706-02F7AD961031}.Debug|Any CPU.ActiveCfg = Debug|Any CPU
		{DC7FD4D8-54C7-479F-9706-02F7AD961031}.Debug|Any CPU.Build.0 = Debug|Any CPU
		{DC7FD4D8-54C7-479F-9706-02F7AD961031}.Release|Any CPU.ActiveCfg = Release|Any CPU
		{DC7FD4D8-54C7-479F-9706-02F7AD961031}.Release|Any CPU.Build.0 = Release|Any CPU
		{399D9E2C-87D2-4792-AF33-3D794B1CC12E}.Debug|Any CPU.ActiveCfg = Debug|Any CPU
		{399D9E2C-87D2-4792-AF33-3D794B1CC12E}.Debug|Any CPU.Build.0 = Debug|Any CPU
		{399D9E2C-87D2-4792-AF33-3D794B1CC12E}.Debug|Any CPU.Deploy.0 = Debug|Any CPU
		{399D9E2C-87D2-4792-AF33-3D794B1CC12E}.Release|Any CPU.ActiveCfg = Release|Any CPU
		{399D9E2C-87D2-4792-AF33-3D794B1CC12E}.Release|Any CPU.Build.0 = Release|Any CPU
		{399D9E2C-87D2-4792-AF33-3D794B1CC12E}.Release|Any CPU.Deploy.0 = Release|Any CPU
		{B47E78B8-AFA4-4036-9863-29AA8388B83F}.Debug|Any CPU.ActiveCfg = Debug|Any CPU
		{B47E78B8-AFA4-4036-9863-29AA8388B83F}.Debug|Any CPU.Build.0 = Debug|Any CPU
		{B47E78B8-AFA4-4036-9863-29AA8388B83F}.Release|Any CPU.ActiveCfg = Release|Any CPU
		{B47E78B8-AFA4-4036-9863-29AA8388B83F}.Release|Any CPU.Build.0 = Release|Any CPU
	EndGlobalSection
	GlobalSection(SolutionProperties) = preSolution
		HideSolutionNode = FALSE
	EndGlobalSection
	GlobalSection(ExtensibilityGlobals) = postSolution
		SolutionGuid = {86B80F99-BD44-4F48-8570-B6B91B576485}
	EndGlobalSection
EndGlobal
